
Microsoft Visual Studio Solution File, Format Version 12.00
# Visual Studio Version 16
VisualStudioVersion = 16.0.31829.152
MinimumVisualStudioVersion = 10.0.40219.1
Project("{FAE04EC0-301F-11D3-BF4B-00C04F79EFBC}") = "GrouPX-Client", "GrouPX-Client\GrouPX-Client.csproj", "{A1EFE173-94DB-47B3-83DF-FE322B99A9D3}"
EndProject
Global
	GlobalSection(SolutionConfigurationPlatforms) = preSolution
		Debug|Any CPU = Debug|Any CPU
		Release|Any CPU = Release|Any CPU
	EndGlobalSection
	GlobalSection(ProjectConfigurationPlatforms) = postSolution
		{A1EFE173-94DB-47B3-83DF-FE322B99A9D3}.Debug|Any CPU.ActiveCfg = Debug|Any CPU
		{A1EFE173-94DB-47B3-83DF-FE322B99A9D3}.Debug|Any CPU.Build.0 = Debug|Any CPU
		{A1EFE173-94DB-47B3-83DF-FE322B99A9D3}.Release|Any CPU.ActiveCfg = Release|Any CPU
		{A1EFE173-94DB-47B3-83DF-FE322B99A9D3}.Release|Any CPU.Build.0 = Release|Any CPU
	EndGlobalSection
	GlobalSection(SolutionProperties) = preSolution
		HideSolutionNode = FALSE
	EndGlobalSection
	GlobalSection(ExtensibilityGlobals) = postSolution
		SolutionGuid = {0206966A-CE6B-47C7-BC2B-D5D1CD785828}
	EndGlobalSection
EndGlobal
